
Microsoft Visual Studio Solution File, Format Version 12.00
# Visual Studio 15
VisualStudioVersion = 15.0.28307.1622
MinimumVisualStudioVersion = 10.0.40219.1
Project("{FAE04EC0-301F-11D3-BF4B-00C04F79EFBC}") = "PickupPoints", "PickupPoints\PickupPoints.csproj", "{826A4E60-8CDE-4752-90F9-B106A89A65F4}"
EndProject
Project("{2150E333-8FDC-42A3-9474-1A3956D46DE8}") = "Helpers", "Helpers", "{B036AF04-6446-4942-A77F-9E8E64F1A654}"
EndProject
Project("{FAE04EC0-301F-11D3-BF4B-00C04F79EFBC}") = "PickupPointsAPIHelper", "PickupPointsAPIHelper\PickupPointsAPIHelper.csproj", "{78B9D518-C5CE-492A-B0F1-09F5891047EC}"
EndProject
Project("{2150E333-8FDC-42A3-9474-1A3956D46DE8}") = "PickupPointsBO", "PickupPointsBO", "{5B1C984E-6C03-4BBA-8035-ECA351D81CA7}"
EndProject
Project("{FAE04EC0-301F-11D3-BF4B-00C04F79EFBC}") = "PIckupPoint.BO", "PIckupPoint.BO\PIckupPoint.BO.csproj", "{512FE98E-2D90-4DAD-8D49-DE927F867D89}"
EndProject
Global
	GlobalSection(SolutionConfigurationPlatforms) = preSolution
		Debug|Any CPU = Debug|Any CPU
		Release|Any CPU = Release|Any CPU
	EndGlobalSection
	GlobalSection(ProjectConfigurationPlatforms) = postSolution
		{826A4E60-8CDE-4752-90F9-B106A89A65F4}.Debug|Any CPU.ActiveCfg = Debug|Any CPU
		{826A4E60-8CDE-4752-90F9-B106A89A65F4}.Debug|Any CPU.Build.0 = Debug|Any CPU
		{826A4E60-8CDE-4752-90F9-B106A89A65F4}.Release|Any CPU.ActiveCfg = Release|Any CPU
		{826A4E60-8CDE-4752-90F9-B106A89A65F4}.Release|Any CPU.Build.0 = Release|Any CPU
		{78B9D518-C5CE-492A-B0F1-09F5891047EC}.Debug|Any CPU.ActiveCfg = Debug|Any CPU
		{78B9D518-C5CE-492A-B0F1-09F5891047EC}.Debug|Any CPU.Build.0 = Debug|Any CPU
		{78B9D518-C5CE-492A-B0F1-09F5891047EC}.Release|Any CPU.ActiveCfg = Release|Any CPU
		{78B9D518-C5CE-492A-B0F1-09F5891047EC}.Release|Any CPU.Build.0 = Release|Any CPU
		{512FE98E-2D90-4DAD-8D49-DE927F867D89}.Debug|Any CPU.ActiveCfg = Debug|Any CPU
		{512FE98E-2D90-4DAD-8D49-DE927F867D89}.Debug|Any CPU.Build.0 = Debug|Any CPU
		{512FE98E-2D90-4DAD-8D49-DE927F867D89}.Release|Any CPU.ActiveCfg = Release|Any CPU
		{512FE98E-2D90-4DAD-8D49-DE927F867D89}.Release|Any CPU.Build.0 = Release|Any CPU
	EndGlobalSection
	GlobalSection(SolutionProperties) = preSolution
		HideSolutionNode = FALSE
	EndGlobalSection
	GlobalSection(NestedProjects) = preSolution
		{78B9D518-C5CE-492A-B0F1-09F5891047EC} = {B036AF04-6446-4942-A77F-9E8E64F1A654}
		{512FE98E-2D90-4DAD-8D49-DE927F867D89} = {5B1C984E-6C03-4BBA-8035-ECA351D81CA7}
	EndGlobalSection
	GlobalSection(ExtensibilityGlobals) = postSolution
		SolutionGuid = {B42A97EB-10C8-4B34-A389-BAA1413B3665}
	EndGlobalSection
EndGlobal
